
Microsoft Visual Studio Solution File, Format Version 12.00
# Visual Studio Version 16
VisualStudioVersion = 16.0.31025.194
MinimumVisualStudioVersion = 10.0.40219.1
Project("{FAE04EC0-301F-11D3-BF4B-00C04F79EFBC}") = "WF Tracer", "WF Tracer\WF Tracer.csproj", "{98C458F6-B4C6-4BC0-B65C-5B4D3759557D}"
EndProject
Global
	GlobalSection(SolutionConfigurationPlatforms) = preSolution
		Debug|Any CPU = Debug|Any CPU
		Release|Any CPU = Release|Any CPU
	EndGlobalSection
	GlobalSection(ProjectConfigurationPlatforms) = postSolution
		{98C458F6-B4C6-4BC0-B65C-5B4D3759557D}.Debug|Any CPU.ActiveCfg = Debug|Any CPU
		{98C458F6-B4C6-4BC0-B65C-5B4D3759557D}.Debug|Any CPU.Build.0 = Debug|Any CPU
		{98C458F6-B4C6-4BC0-B65C-5B4D3759557D}.Release|Any CPU.ActiveCfg = Release|Any CPU
		{98C458F6-B4C6-4BC0-B65C-5B4D3759557D}.Release|Any CPU.Build.0 = Release|Any CPU
	EndGlobalSection
	GlobalSection(SolutionProperties) = preSolution
		HideSolutionNode = FALSE
	EndGlobalSection
	GlobalSection(ExtensibilityGlobals) = postSolution
		SolutionGuid = {9E135186-BE09-40DE-8103-C451BB7DD45E}
	EndGlobalSection
EndGlobal
